
Microsoft Visual Studio Solution File, Format Version 12.00
# Visual Studio 15
VisualStudioVersion = 15.0.27703.2000
MinimumVisualStudioVersion = 10.0.40219.1
Project("{9A19103F-16F7-4668-BE54-9A1E7A4F7556}") = "Identity", "Identity\Identity.csproj", "{4494AF1B-7131-4082-97F0-DCC2E9CB7B33}"
EndProject
Project("{9A19103F-16F7-4668-BE54-9A1E7A4F7556}") = "Catalog", "Catalog\Catalog.csproj", "{5B65ED85-6FE6-4547-BD54-7017FC328FBE}"
EndProject
Project("{9A19103F-16F7-4668-BE54-9A1E7A4F7556}") = "Meeting", "Meeting\Meeting.csproj", "{ADEDDE92-AAED-458B-9784-380C9DFF45F2}"
EndProject
Project("{9A19103F-16F7-4668-BE54-9A1E7A4F7556}") = "Messaging", "Messaging\Messaging.csproj", "{6753DC8B-13DC-4540-A260-F2A0051BE481}"
EndProject
Project("{9A19103F-16F7-4668-BE54-9A1E7A4F7556}") = "General", "General\General.csproj", "{7977CEE2-21FD-41B8-8DF4-C79059C25C33}"
EndProject
Project("{9A19103F-16F7-4668-BE54-9A1E7A4F7556}") = "EventBusRabbitMQ", "EventBusRabbitMQ\EventBusRabbitMQ.csproj", "{D2A158E0-8592-4712-B355-CDD74A34DD90}"
EndProject
Project("{2150E333-8FDC-42A3-9474-1A3956D46DE8}") = "Services", "Services", "{630DAF15-C291-4587-8CDA-D0E7B1790D60}"
EndProject
Project("{2150E333-8FDC-42A3-9474-1A3956D46DE8}") = "BuildingBlocks", "BuildingBlocks", "{EABE7BA4-3809-4BA1-B837-4A33448F11F6}"
EndProject
Global
	GlobalSection(SolutionConfigurationPlatforms) = preSolution
		Debug|Any CPU = Debug|Any CPU
		Release|Any CPU = Release|Any CPU
	EndGlobalSection
	GlobalSection(ProjectConfigurationPlatforms) = postSolution
		{4494AF1B-7131-4082-97F0-DCC2E9CB7B33}.Debug|Any CPU.ActiveCfg = Debug|Any CPU
		{4494AF1B-7131-4082-97F0-DCC2E9CB7B33}.Debug|Any CPU.Build.0 = Debug|Any CPU
		{4494AF1B-7131-4082-97F0-DCC2E9CB7B33}.Release|Any CPU.ActiveCfg = Release|Any CPU
		{4494AF1B-7131-4082-97F0-DCC2E9CB7B33}.Release|Any CPU.Build.0 = Release|Any CPU
		{5B65ED85-6FE6-4547-BD54-7017FC328FBE}.Debug|Any CPU.ActiveCfg = Debug|Any CPU
		{5B65ED85-6FE6-4547-BD54-7017FC328FBE}.Debug|Any CPU.Build.0 = Debug|Any CPU
		{5B65ED85-6FE6-4547-BD54-7017FC328FBE}.Release|Any CPU.ActiveCfg = Release|Any CPU
		{5B65ED85-6FE6-4547-BD54-7017FC328FBE}.Release|Any CPU.Build.0 = Release|Any CPU
		{ADEDDE92-AAED-458B-9784-380C9DFF45F2}.Debug|Any CPU.ActiveCfg = Debug|Any CPU
		{ADEDDE92-AAED-458B-9784-380C9DFF45F2}.Debug|Any CPU.Build.0 = Debug|Any CPU
		{ADEDDE92-AAED-458B-9784-380C9DFF45F2}.Release|Any CPU.ActiveCfg = Release|Any CPU
		{ADEDDE92-AAED-458B-9784-380C9DFF45F2}.Release|Any CPU.Build.0 = Release|Any CPU
		{6753DC8B-13DC-4540-A260-F2A0051BE481}.Debug|Any CPU.ActiveCfg = Debug|Any CPU
		{6753DC8B-13DC-4540-A260-F2A0051BE481}.Debug|Any CPU.Build.0 = Debug|Any CPU
		{6753DC8B-13DC-4540-A260-F2A0051BE481}.Release|Any CPU.ActiveCfg = Release|Any CPU
		{6753DC8B-13DC-4540-A260-F2A0051BE481}.Release|Any CPU.Build.0 = Release|Any CPU
		{7977CEE2-21FD-41B8-8DF4-C79059C25C33}.Debug|Any CPU.ActiveCfg = Debug|Any CPU
		{7977CEE2-21FD-41B8-8DF4-C79059C25C33}.Debug|Any CPU.Build.0 = Debug|Any CPU
		{7977CEE2-21FD-41B8-8DF4-C79059C25C33}.Release|Any CPU.ActiveCfg = Release|Any CPU
		{7977CEE2-21FD-41B8-8DF4-C79059C25C33}.Release|Any CPU.Build.0 = Release|Any CPU
		{D2A158E0-8592-4712-B355-CDD74A34DD90}.Debug|Any CPU.ActiveCfg = Debug|Any CPU
		{D2A158E0-8592-4712-B355-CDD74A34DD90}.Debug|Any CPU.Build.0 = Debug|Any CPU
		{D2A158E0-8592-4712-B355-CDD74A34DD90}.Release|Any CPU.ActiveCfg = Release|Any CPU
		{D2A158E0-8592-4712-B355-CDD74A34DD90}.Release|Any CPU.Build.0 = Release|Any CPU
	EndGlobalSection
	GlobalSection(SolutionProperties) = preSolution
		HideSolutionNode = FALSE
	EndGlobalSection
	GlobalSection(NestedProjects) = preSolution
		{4494AF1B-7131-4082-97F0-DCC2E9CB7B33} = {630DAF15-C291-4587-8CDA-D0E7B1790D60}
		{5B65ED85-6FE6-4547-BD54-7017FC328FBE} = {630DAF15-C291-4587-8CDA-D0E7B1790D60}
		{ADEDDE92-AAED-458B-9784-380C9DFF45F2} = {630DAF15-C291-4587-8CDA-D0E7B1790D60}
		{6753DC8B-13DC-4540-A260-F2A0051BE481} = {630DAF15-C291-4587-8CDA-D0E7B1790D60}
		{7977CEE2-21FD-41B8-8DF4-C79059C25C33} = {630DAF15-C291-4587-8CDA-D0E7B1790D60}
		{D2A158E0-8592-4712-B355-CDD74A34DD90} = {EABE7BA4-3809-4BA1-B837-4A33448F11F6}
	EndGlobalSection
	GlobalSection(ExtensibilityGlobals) = postSolution
		SolutionGuid = {40F68362-AA9E-4091-9A43-100DAAC8231B}
	EndGlobalSection
EndGlobal
